
Microsoft Visual Studio Solution File, Format Version 12.00
# Visual Studio Version 16
VisualStudioVersion = 16.0.29001.49
MinimumVisualStudioVersion = 10.0.40219.1
Project("{9A19103F-16F7-4668-BE54-9A1E7A4F7556}") = "PagingSampleProject", "PagingSampleProject\PagingSampleProject.csproj", "{628180F7-CB96-4BA6-909C-7F044D07752A}"
EndProject
Project("{FAE04EC0-301F-11D3-BF4B-00C04F79EFBC}") = "PagingSampleProjectMVC", "PagingSampleProjectMVC\PagingSampleProjectMVC.csproj", "{D2BBBBCA-2D4E-4BAE-A592-23EBFCD538B3}"
EndProject
Global
	GlobalSection(SolutionConfigurationPlatforms) = preSolution
		Debug|Any CPU = Debug|Any CPU
		Release|Any CPU = Release|Any CPU
	EndGlobalSection
	GlobalSection(ProjectConfigurationPlatforms) = postSolution
		{628180F7-CB96-4BA6-909C-7F044D07752A}.Debug|Any CPU.ActiveCfg = Debug|Any CPU
		{628180F7-CB96-4BA6-909C-7F044D07752A}.Debug|Any CPU.Build.0 = Debug|Any CPU
		{628180F7-CB96-4BA6-909C-7F044D07752A}.Release|Any CPU.ActiveCfg = Release|Any CPU
		{628180F7-CB96-4BA6-909C-7F044D07752A}.Release|Any CPU.Build.0 = Release|Any CPU
		{D2BBBBCA-2D4E-4BAE-A592-23EBFCD538B3}.Debug|Any CPU.ActiveCfg = Debug|Any CPU
		{D2BBBBCA-2D4E-4BAE-A592-23EBFCD538B3}.Debug|Any CPU.Build.0 = Debug|Any CPU
		{D2BBBBCA-2D4E-4BAE-A592-23EBFCD538B3}.Release|Any CPU.ActiveCfg = Release|Any CPU
		{D2BBBBCA-2D4E-4BAE-A592-23EBFCD538B3}.Release|Any CPU.Build.0 = Release|Any CPU
	EndGlobalSection
	GlobalSection(SolutionProperties) = preSolution
		HideSolutionNode = FALSE
	EndGlobalSection
	GlobalSection(ExtensibilityGlobals) = postSolution
		SolutionGuid = {1F63BF41-E01E-4A8B-870C-C0C77DE71D3D}
	EndGlobalSection
EndGlobal
